
Microsoft Visual Studio Solution File, Format Version 12.00
# Visual Studio Version 16
VisualStudioVersion = 16.0.31205.134
MinimumVisualStudioVersion = 10.0.40219.1
Project("{FAE04EC0-301F-11D3-BF4B-00C04F79EFBC}") = "LaylaERP", "LaylaERP\LaylaERP.csproj", "{8E6B2DF3-ED8F-4C65-86E4-C15BF7178251}"
EndProject
Project("{FAE04EC0-301F-11D3-BF4B-00C04F79EFBC}") = "LaylaERP_API", "LaylaERP_API\LaylaERP_API.csproj", "{0FF7FA00-D39E-4AE3-B970-D4D1CFC2D727}"
EndProject
Project("{FAE04EC0-301F-11D3-BF4B-00C04F79EFBC}") = "LaylaERP_v1", "LaylaERP_v1\LaylaERP_v1.csproj", "{4D9A02E1-827B-46A1-85F6-947A950CFBD5}"
EndProject
Global
	GlobalSection(SolutionConfigurationPlatforms) = preSolution
		Debug|Any CPU = Debug|Any CPU
		Release|Any CPU = Release|Any CPU
	EndGlobalSection
	GlobalSection(ProjectConfigurationPlatforms) = postSolution
		{8E6B2DF3-ED8F-4C65-86E4-C15BF7178251}.Debug|Any CPU.ActiveCfg = Debug|Any CPU
		{8E6B2DF3-ED8F-4C65-86E4-C15BF7178251}.Debug|Any CPU.Build.0 = Debug|Any CPU
		{8E6B2DF3-ED8F-4C65-86E4-C15BF7178251}.Release|Any CPU.ActiveCfg = Release|Any CPU
		{8E6B2DF3-ED8F-4C65-86E4-C15BF7178251}.Release|Any CPU.Build.0 = Release|Any CPU
		{0FF7FA00-D39E-4AE3-B970-D4D1CFC2D727}.Debug|Any CPU.ActiveCfg = Debug|Any CPU
		{0FF7FA00-D39E-4AE3-B970-D4D1CFC2D727}.Debug|Any CPU.Build.0 = Debug|Any CPU
		{0FF7FA00-D39E-4AE3-B970-D4D1CFC2D727}.Release|Any CPU.ActiveCfg = Release|Any CPU
		{0FF7FA00-D39E-4AE3-B970-D4D1CFC2D727}.Release|Any CPU.Build.0 = Release|Any CPU
		{4D9A02E1-827B-46A1-85F6-947A950CFBD5}.Debug|Any CPU.ActiveCfg = Debug|Any CPU
		{4D9A02E1-827B-46A1-85F6-947A950CFBD5}.Debug|Any CPU.Build.0 = Debug|Any CPU
		{4D9A02E1-827B-46A1-85F6-947A950CFBD5}.Release|Any CPU.ActiveCfg = Release|Any CPU
		{4D9A02E1-827B-46A1-85F6-947A950CFBD5}.Release|Any CPU.Build.0 = Release|Any CPU
	EndGlobalSection
	GlobalSection(SolutionProperties) = preSolution
		HideSolutionNode = FALSE
	EndGlobalSection
	GlobalSection(ExtensibilityGlobals) = postSolution
		SolutionGuid = {F2315CC1-881D-4A55-B33B-4A7CB22ED869}
	EndGlobalSection
EndGlobal
