{
  "requires": true,
  "lockfileVersion": 1,
  "dependencies": {
    "google-libphonenumber": {
      "version": "3.2.21",
      "resolved": "https://registry.npmjs.org/google-libphonenumber/-/google-libphonenumber-3.2.21.tgz",
      "integrity": "sha512-d8dMePLPIZXHGEvyGM4PTEPBxXC29mhXtqruD11iZd9KzyKb216kJuBPZq6m3BTmiI5ZiIb4epzrZsatRJ5ZaA=="
    }
  }
}
